
Microsoft Visual Studio Solution File, Format Version 12.00
# Visual Studio Version 16
VisualStudioVersion = 16.0.30114.105
MinimumVisualStudioVersion = 10.0.40219.1
Project("{F2A71F9B-5D33-465A-A702-920D77279786}") = "2020", "2020\2020.fsproj", "{CF4AFBA8-15E2-401A-9F0A-D117D6225D57}"
EndProject
Project("{F2A71F9B-5D33-465A-A702-920D77279786}") = "2022", "2022\2022.fsproj", "{C5860471-E10C-4CF9-90B0-5AA0C27F2257}"
EndProject
Project("{F2A71F9B-5D33-465A-A702-920D77279786}") = "Common", "Common\Common.fsproj", "{91B9281F-17B1-4A8E-80E7-C12FED9B83B9}"
EndProject
Project("{F2A71F9B-5D33-465A-A702-920D77279786}") = "2021", "2021\2021.fsproj", "{611FDF63-2E4D-4149-81C8-08F920756ACA}"
EndProject
Project("{F2A71F9B-5D33-465A-A702-920D77279786}") = "2015", "2015\2015.fsproj", "{64938297-F151-4A1E-B3C6-526A25354736}"
EndProject
Project("{F2A71F9B-5D33-465A-A702-920D77279786}") = "2023", "2023\2023.fsproj", "{78F9649E-B998-4987-ABE9-0A9FB89D0E92}"
EndProject
Project("{F2A71F9B-5D33-465A-A702-920D77279786}") = "2019", "2019\2019.fsproj", "{CBB5CC5C-DA5C-4DF8-9825-3524A48EE359}"
EndProject
Global
	GlobalSection(SolutionConfigurationPlatforms) = preSolution
		Debug|Any CPU = Debug|Any CPU
		Release|Any CPU = Release|Any CPU
	EndGlobalSection
	GlobalSection(SolutionProperties) = preSolution
		HideSolutionNode = FALSE
	EndGlobalSection
	GlobalSection(ProjectConfigurationPlatforms) = postSolution
		{CF4AFBA8-15E2-401A-9F0A-D117D6225D57}.Debug|Any CPU.ActiveCfg = Debug|Any CPU
		{CF4AFBA8-15E2-401A-9F0A-D117D6225D57}.Debug|Any CPU.Build.0 = Debug|Any CPU
		{CF4AFBA8-15E2-401A-9F0A-D117D6225D57}.Release|Any CPU.ActiveCfg = Release|Any CPU
		{CF4AFBA8-15E2-401A-9F0A-D117D6225D57}.Release|Any CPU.Build.0 = Release|Any CPU
		{C5860471-E10C-4CF9-90B0-5AA0C27F2257}.Debug|Any CPU.ActiveCfg = Debug|Any CPU
		{C5860471-E10C-4CF9-90B0-5AA0C27F2257}.Debug|Any CPU.Build.0 = Debug|Any CPU
		{C5860471-E10C-4CF9-90B0-5AA0C27F2257}.Release|Any CPU.ActiveCfg = Release|Any CPU
		{C5860471-E10C-4CF9-90B0-5AA0C27F2257}.Release|Any CPU.Build.0 = Release|Any CPU
		{91B9281F-17B1-4A8E-80E7-C12FED9B83B9}.Debug|Any CPU.ActiveCfg = Debug|Any CPU
		{91B9281F-17B1-4A8E-80E7-C12FED9B83B9}.Debug|Any CPU.Build.0 = Debug|Any CPU
		{91B9281F-17B1-4A8E-80E7-C12FED9B83B9}.Release|Any CPU.ActiveCfg = Release|Any CPU
		{91B9281F-17B1-4A8E-80E7-C12FED9B83B9}.Release|Any CPU.Build.0 = Release|Any CPU
		{611FDF63-2E4D-4149-81C8-08F920756ACA}.Debug|Any CPU.ActiveCfg = Debug|Any CPU
		{611FDF63-2E4D-4149-81C8-08F920756ACA}.Debug|Any CPU.Build.0 = Debug|Any CPU
		{611FDF63-2E4D-4149-81C8-08F920756ACA}.Release|Any CPU.ActiveCfg = Release|Any CPU
		{611FDF63-2E4D-4149-81C8-08F920756ACA}.Release|Any CPU.Build.0 = Release|Any CPU
		{64938297-F151-4A1E-B3C6-526A25354736}.Debug|Any CPU.ActiveCfg = Debug|Any CPU
		{64938297-F151-4A1E-B3C6-526A25354736}.Debug|Any CPU.Build.0 = Debug|Any CPU
		{64938297-F151-4A1E-B3C6-526A25354736}.Release|Any CPU.ActiveCfg = Release|Any CPU
		{64938297-F151-4A1E-B3C6-526A25354736}.Release|Any CPU.Build.0 = Release|Any CPU
		{78F9649E-B998-4987-ABE9-0A9FB89D0E92}.Debug|Any CPU.ActiveCfg = Debug|Any CPU
		{78F9649E-B998-4987-ABE9-0A9FB89D0E92}.Debug|Any CPU.Build.0 = Debug|Any CPU
		{78F9649E-B998-4987-ABE9-0A9FB89D0E92}.Release|Any CPU.ActiveCfg = Release|Any CPU
		{78F9649E-B998-4987-ABE9-0A9FB89D0E92}.Release|Any CPU.Build.0 = Release|Any CPU
		{CBB5CC5C-DA5C-4DF8-9825-3524A48EE359}.Debug|Any CPU.ActiveCfg = Debug|Any CPU
		{CBB5CC5C-DA5C-4DF8-9825-3524A48EE359}.Debug|Any CPU.Build.0 = Debug|Any CPU
		{CBB5CC5C-DA5C-4DF8-9825-3524A48EE359}.Release|Any CPU.ActiveCfg = Release|Any CPU
		{CBB5CC5C-DA5C-4DF8-9825-3524A48EE359}.Release|Any CPU.Build.0 = Release|Any CPU
	EndGlobalSection
EndGlobal
