
Microsoft Visual Studio Solution File, Format Version 12.00
# Visual Studio Version 16
VisualStudioVersion = 16.0.30114.105
MinimumVisualStudioVersion = 10.0.40219.1
Project("{6EC3EE1D-3C4E-46DD-8F32-0CC8E7565705}") = "01", "01\01.fsproj", "{009B3CD2-AEA1-4CD5-89B4-97FE71A1937D}"
EndProject
Project("{6EC3EE1D-3C4E-46DD-8F32-0CC8E7565705}") = "02", "02\02.fsproj", "{14DF7619-9848-4FC3-A638-B35D43C5B58C}"
EndProject
Project("{6EC3EE1D-3C4E-46DD-8F32-0CC8E7565705}") = "03", "03\03.fsproj", "{2B278B4A-591F-4E4A-9711-7AD923B3A2DC}"
EndProject
Project("{6EC3EE1D-3C4E-46DD-8F32-0CC8E7565705}") = "04", "04\04.fsproj", "{ADDB2713-9BD5-4E2A-8034-6B908794098F}"
EndProject
Project("{6EC3EE1D-3C4E-46DD-8F32-0CC8E7565705}") = "05", "05\05.fsproj", "{375E7766-85A1-45D4-B6A9-7F66883ACD18}"
EndProject
Project("{6EC3EE1D-3C4E-46DD-8F32-0CC8E7565705}") = "06", "06\06.fsproj", "{A4E1D6E6-C60E-4419-8048-8731235840AA}"
EndProject
Project("{6EC3EE1D-3C4E-46DD-8F32-0CC8E7565705}") = "07", "07\07.fsproj", "{B005AD1C-1217-4250-97FF-B6FCDA990414}"
EndProject
Project("{6EC3EE1D-3C4E-46DD-8F32-0CC8E7565705}") = "08", "08\08.fsproj", "{34EA651F-4B39-4860-B49D-EDD3CA0ADF2E}"
EndProject
Project("{6EC3EE1D-3C4E-46DD-8F32-0CC8E7565705}") = "09", "09\09.fsproj", "{753C5D1D-84E6-4D2E-A1F7-B545AF94CDFB}"
EndProject
Project("{6EC3EE1D-3C4E-46DD-8F32-0CC8E7565705}") = "10", "10\10.fsproj", "{95B18F40-0307-48B2-8204-870DF1BA9A74}"
EndProject
Project("{6EC3EE1D-3C4E-46DD-8F32-0CC8E7565705}") = "11", "11\11.fsproj", "{67C663A5-3E13-48F2-9D49-E079C55435B0}"
EndProject
Project("{6EC3EE1D-3C4E-46DD-8F32-0CC8E7565705}") = "12", "12\12.fsproj", "{B0D633EB-F462-43CA-8333-5B45E8101270}"
EndProject
Project("{6EC3EE1D-3C4E-46DD-8F32-0CC8E7565705}") = "13", "13\13.fsproj", "{C428F01A-D45F-46AF-A616-07911FBDEFAB}"
EndProject
Project("{6EC3EE1D-3C4E-46DD-8F32-0CC8E7565705}") = "14", "14\14.fsproj", "{521CD99B-FE25-45D5-B843-B4BAA9F31F6C}"
EndProject
Project("{6EC3EE1D-3C4E-46DD-8F32-0CC8E7565705}") = "15", "15\15.fsproj", "{CB332613-1CB1-4AF3-B460-E95BF7D5F853}"
EndProject
Project("{6EC3EE1D-3C4E-46DD-8F32-0CC8E7565705}") = "16", "16\16.fsproj", "{FC03BAEC-BB50-470F-869F-47350AABA857}"
EndProject
Project("{6EC3EE1D-3C4E-46DD-8F32-0CC8E7565705}") = "17", "17\17.fsproj", "{267EE3EE-F77C-4726-9492-B1921DEE6587}"
EndProject
Project("{6EC3EE1D-3C4E-46DD-8F32-0CC8E7565705}") = "18", "18\18.fsproj", "{7629BD76-F97C-49A5-81F8-26844BF5FB58}"
EndProject
Project("{6EC3EE1D-3C4E-46DD-8F32-0CC8E7565705}") = "19", "19\19.fsproj", "{1FCF8678-D000-413C-A190-D6D8461D591B}"
EndProject
Project("{F2A71F9B-5D33-465A-A702-920D77279786}") = "20", "20\20.fsproj", "{F14C2668-29CE-4A76-BEBE-AA1F7ADD163F}"
EndProject
Project("{F2A71F9B-5D33-465A-A702-920D77279786}") = "21", "21\21.fsproj", "{09383D35-5345-401B-871E-EB5A4136150F}"
EndProject
Project("{F2A71F9B-5D33-465A-A702-920D77279786}") = "22", "22\22.fsproj", "{D60003E0-532B-4BE6-A352-3EB35F93E7EE}"
EndProject
Project("{F2A71F9B-5D33-465A-A702-920D77279786}") = "23", "23\23.fsproj", "{A82D3691-21A9-4544-982B-2FC8B1FB2F97}"
EndProject
Project("{F2A71F9B-5D33-465A-A702-920D77279786}") = "Utils", "Utils\Utils.fsproj", "{2077C8E9-F08A-403B-9760-E9666443F8CF}"
EndProject
Project("{F2A71F9B-5D33-465A-A702-920D77279786}") = "24", "24\24.fsproj", "{A2D2EB88-796F-4523-AA02-07BA16A8C665}"
EndProject
Global
	GlobalSection(SolutionConfigurationPlatforms) = preSolution
		Debug|Any CPU = Debug|Any CPU
		Release|Any CPU = Release|Any CPU
	EndGlobalSection
	GlobalSection(ProjectConfigurationPlatforms) = postSolution
		{009B3CD2-AEA1-4CD5-89B4-97FE71A1937D}.Debug|Any CPU.ActiveCfg = Debug|Any CPU
		{009B3CD2-AEA1-4CD5-89B4-97FE71A1937D}.Debug|Any CPU.Build.0 = Debug|Any CPU
		{009B3CD2-AEA1-4CD5-89B4-97FE71A1937D}.Release|Any CPU.ActiveCfg = Release|Any CPU
		{009B3CD2-AEA1-4CD5-89B4-97FE71A1937D}.Release|Any CPU.Build.0 = Release|Any CPU
		{14DF7619-9848-4FC3-A638-B35D43C5B58C}.Debug|Any CPU.ActiveCfg = Debug|Any CPU
		{14DF7619-9848-4FC3-A638-B35D43C5B58C}.Debug|Any CPU.Build.0 = Debug|Any CPU
		{14DF7619-9848-4FC3-A638-B35D43C5B58C}.Release|Any CPU.ActiveCfg = Release|Any CPU
		{14DF7619-9848-4FC3-A638-B35D43C5B58C}.Release|Any CPU.Build.0 = Release|Any CPU
		{2B278B4A-591F-4E4A-9711-7AD923B3A2DC}.Debug|Any CPU.ActiveCfg = Debug|Any CPU
		{2B278B4A-591F-4E4A-9711-7AD923B3A2DC}.Debug|Any CPU.Build.0 = Debug|Any CPU
		{2B278B4A-591F-4E4A-9711-7AD923B3A2DC}.Release|Any CPU.ActiveCfg = Release|Any CPU
		{2B278B4A-591F-4E4A-9711-7AD923B3A2DC}.Release|Any CPU.Build.0 = Release|Any CPU
		{ADDB2713-9BD5-4E2A-8034-6B908794098F}.Debug|Any CPU.ActiveCfg = Debug|Any CPU
		{ADDB2713-9BD5-4E2A-8034-6B908794098F}.Debug|Any CPU.Build.0 = Debug|Any CPU
		{ADDB2713-9BD5-4E2A-8034-6B908794098F}.Release|Any CPU.ActiveCfg = Release|Any CPU
		{ADDB2713-9BD5-4E2A-8034-6B908794098F}.Release|Any CPU.Build.0 = Release|Any CPU
		{375E7766-85A1-45D4-B6A9-7F66883ACD18}.Debug|Any CPU.ActiveCfg = Debug|Any CPU
		{375E7766-85A1-45D4-B6A9-7F66883ACD18}.Debug|Any CPU.Build.0 = Debug|Any CPU
		{375E7766-85A1-45D4-B6A9-7F66883ACD18}.Release|Any CPU.ActiveCfg = Release|Any CPU
		{375E7766-85A1-45D4-B6A9-7F66883ACD18}.Release|Any CPU.Build.0 = Release|Any CPU
		{A4E1D6E6-C60E-4419-8048-8731235840AA}.Debug|Any CPU.ActiveCfg = Debug|Any CPU
		{A4E1D6E6-C60E-4419-8048-8731235840AA}.Debug|Any CPU.Build.0 = Debug|Any CPU
		{A4E1D6E6-C60E-4419-8048-8731235840AA}.Release|Any CPU.ActiveCfg = Release|Any CPU
		{A4E1D6E6-C60E-4419-8048-8731235840AA}.Release|Any CPU.Build.0 = Release|Any CPU
		{B005AD1C-1217-4250-97FF-B6FCDA990414}.Debug|Any CPU.ActiveCfg = Debug|Any CPU
		{B005AD1C-1217-4250-97FF-B6FCDA990414}.Debug|Any CPU.Build.0 = Debug|Any CPU
		{B005AD1C-1217-4250-97FF-B6FCDA990414}.Release|Any CPU.ActiveCfg = Release|Any CPU
		{B005AD1C-1217-4250-97FF-B6FCDA990414}.Release|Any CPU.Build.0 = Release|Any CPU
		{34EA651F-4B39-4860-B49D-EDD3CA0ADF2E}.Debug|Any CPU.ActiveCfg = Debug|Any CPU
		{34EA651F-4B39-4860-B49D-EDD3CA0ADF2E}.Debug|Any CPU.Build.0 = Debug|Any CPU
		{34EA651F-4B39-4860-B49D-EDD3CA0ADF2E}.Release|Any CPU.ActiveCfg = Release|Any CPU
		{34EA651F-4B39-4860-B49D-EDD3CA0ADF2E}.Release|Any CPU.Build.0 = Release|Any CPU
		{753C5D1D-84E6-4D2E-A1F7-B545AF94CDFB}.Debug|Any CPU.ActiveCfg = Debug|Any CPU
		{753C5D1D-84E6-4D2E-A1F7-B545AF94CDFB}.Debug|Any CPU.Build.0 = Debug|Any CPU
		{753C5D1D-84E6-4D2E-A1F7-B545AF94CDFB}.Release|Any CPU.ActiveCfg = Release|Any CPU
		{753C5D1D-84E6-4D2E-A1F7-B545AF94CDFB}.Release|Any CPU.Build.0 = Release|Any CPU
		{95B18F40-0307-48B2-8204-870DF1BA9A74}.Debug|Any CPU.ActiveCfg = Debug|Any CPU
		{95B18F40-0307-48B2-8204-870DF1BA9A74}.Debug|Any CPU.Build.0 = Debug|Any CPU
		{95B18F40-0307-48B2-8204-870DF1BA9A74}.Release|Any CPU.ActiveCfg = Release|Any CPU
		{95B18F40-0307-48B2-8204-870DF1BA9A74}.Release|Any CPU.Build.0 = Release|Any CPU
		{67C663A5-3E13-48F2-9D49-E079C55435B0}.Debug|Any CPU.ActiveCfg = Debug|Any CPU
		{67C663A5-3E13-48F2-9D49-E079C55435B0}.Debug|Any CPU.Build.0 = Debug|Any CPU
		{67C663A5-3E13-48F2-9D49-E079C55435B0}.Release|Any CPU.ActiveCfg = Release|Any CPU
		{67C663A5-3E13-48F2-9D49-E079C55435B0}.Release|Any CPU.Build.0 = Release|Any CPU
		{B0D633EB-F462-43CA-8333-5B45E8101270}.Debug|Any CPU.ActiveCfg = Debug|Any CPU
		{B0D633EB-F462-43CA-8333-5B45E8101270}.Debug|Any CPU.Build.0 = Debug|Any CPU
		{B0D633EB-F462-43CA-8333-5B45E8101270}.Release|Any CPU.ActiveCfg = Release|Any CPU
		{B0D633EB-F462-43CA-8333-5B45E8101270}.Release|Any CPU.Build.0 = Release|Any CPU
		{C428F01A-D45F-46AF-A616-07911FBDEFAB}.Debug|Any CPU.ActiveCfg = Debug|Any CPU
		{C428F01A-D45F-46AF-A616-07911FBDEFAB}.Debug|Any CPU.Build.0 = Debug|Any CPU
		{C428F01A-D45F-46AF-A616-07911FBDEFAB}.Release|Any CPU.ActiveCfg = Release|Any CPU
		{C428F01A-D45F-46AF-A616-07911FBDEFAB}.Release|Any CPU.Build.0 = Release|Any CPU
		{521CD99B-FE25-45D5-B843-B4BAA9F31F6C}.Debug|Any CPU.ActiveCfg = Debug|Any CPU
		{521CD99B-FE25-45D5-B843-B4BAA9F31F6C}.Debug|Any CPU.Build.0 = Debug|Any CPU
		{521CD99B-FE25-45D5-B843-B4BAA9F31F6C}.Release|Any CPU.ActiveCfg = Release|Any CPU
		{521CD99B-FE25-45D5-B843-B4BAA9F31F6C}.Release|Any CPU.Build.0 = Release|Any CPU
		{CB332613-1CB1-4AF3-B460-E95BF7D5F853}.Debug|Any CPU.ActiveCfg = Debug|Any CPU
		{CB332613-1CB1-4AF3-B460-E95BF7D5F853}.Debug|Any CPU.Build.0 = Debug|Any CPU
		{CB332613-1CB1-4AF3-B460-E95BF7D5F853}.Release|Any CPU.ActiveCfg = Release|Any CPU
		{CB332613-1CB1-4AF3-B460-E95BF7D5F853}.Release|Any CPU.Build.0 = Release|Any CPU
		{FC03BAEC-BB50-470F-869F-47350AABA857}.Debug|Any CPU.ActiveCfg = Debug|Any CPU
		{FC03BAEC-BB50-470F-869F-47350AABA857}.Debug|Any CPU.Build.0 = Debug|Any CPU
		{FC03BAEC-BB50-470F-869F-47350AABA857}.Release|Any CPU.ActiveCfg = Release|Any CPU
		{FC03BAEC-BB50-470F-869F-47350AABA857}.Release|Any CPU.Build.0 = Release|Any CPU
		{267EE3EE-F77C-4726-9492-B1921DEE6587}.Debug|Any CPU.ActiveCfg = Debug|Any CPU
		{267EE3EE-F77C-4726-9492-B1921DEE6587}.Debug|Any CPU.Build.0 = Debug|Any CPU
		{267EE3EE-F77C-4726-9492-B1921DEE6587}.Release|Any CPU.ActiveCfg = Release|Any CPU
		{267EE3EE-F77C-4726-9492-B1921DEE6587}.Release|Any CPU.Build.0 = Release|Any CPU
		{7629BD76-F97C-49A5-81F8-26844BF5FB58}.Debug|Any CPU.ActiveCfg = Debug|Any CPU
		{7629BD76-F97C-49A5-81F8-26844BF5FB58}.Debug|Any CPU.Build.0 = Debug|Any CPU
		{7629BD76-F97C-49A5-81F8-26844BF5FB58}.Release|Any CPU.ActiveCfg = Release|Any CPU
		{7629BD76-F97C-49A5-81F8-26844BF5FB58}.Release|Any CPU.Build.0 = Release|Any CPU
		{1FCF8678-D000-413C-A190-D6D8461D591B}.Debug|Any CPU.ActiveCfg = Debug|Any CPU
		{1FCF8678-D000-413C-A190-D6D8461D591B}.Debug|Any CPU.Build.0 = Debug|Any CPU
		{1FCF8678-D000-413C-A190-D6D8461D591B}.Release|Any CPU.ActiveCfg = Release|Any CPU
		{1FCF8678-D000-413C-A190-D6D8461D591B}.Release|Any CPU.Build.0 = Release|Any CPU
		{F14C2668-29CE-4A76-BEBE-AA1F7ADD163F}.Debug|Any CPU.ActiveCfg = Debug|Any CPU
		{F14C2668-29CE-4A76-BEBE-AA1F7ADD163F}.Debug|Any CPU.Build.0 = Debug|Any CPU
		{F14C2668-29CE-4A76-BEBE-AA1F7ADD163F}.Release|Any CPU.ActiveCfg = Release|Any CPU
		{F14C2668-29CE-4A76-BEBE-AA1F7ADD163F}.Release|Any CPU.Build.0 = Release|Any CPU
		{09383D35-5345-401B-871E-EB5A4136150F}.Debug|Any CPU.ActiveCfg = Debug|Any CPU
		{09383D35-5345-401B-871E-EB5A4136150F}.Debug|Any CPU.Build.0 = Debug|Any CPU
		{09383D35-5345-401B-871E-EB5A4136150F}.Release|Any CPU.ActiveCfg = Release|Any CPU
		{09383D35-5345-401B-871E-EB5A4136150F}.Release|Any CPU.Build.0 = Release|Any CPU
		{D60003E0-532B-4BE6-A352-3EB35F93E7EE}.Debug|Any CPU.ActiveCfg = Debug|Any CPU
		{D60003E0-532B-4BE6-A352-3EB35F93E7EE}.Debug|Any CPU.Build.0 = Debug|Any CPU
		{D60003E0-532B-4BE6-A352-3EB35F93E7EE}.Release|Any CPU.ActiveCfg = Release|Any CPU
		{D60003E0-532B-4BE6-A352-3EB35F93E7EE}.Release|Any CPU.Build.0 = Release|Any CPU
		{A82D3691-21A9-4544-982B-2FC8B1FB2F97}.Debug|Any CPU.ActiveCfg = Debug|Any CPU
		{A82D3691-21A9-4544-982B-2FC8B1FB2F97}.Debug|Any CPU.Build.0 = Debug|Any CPU
		{A82D3691-21A9-4544-982B-2FC8B1FB2F97}.Release|Any CPU.ActiveCfg = Release|Any CPU
		{A82D3691-21A9-4544-982B-2FC8B1FB2F97}.Release|Any CPU.Build.0 = Release|Any CPU
		{2077C8E9-F08A-403B-9760-E9666443F8CF}.Debug|Any CPU.ActiveCfg = Debug|Any CPU
		{2077C8E9-F08A-403B-9760-E9666443F8CF}.Debug|Any CPU.Build.0 = Debug|Any CPU
		{2077C8E9-F08A-403B-9760-E9666443F8CF}.Release|Any CPU.ActiveCfg = Release|Any CPU
		{2077C8E9-F08A-403B-9760-E9666443F8CF}.Release|Any CPU.Build.0 = Release|Any CPU
		{A2D2EB88-796F-4523-AA02-07BA16A8C665}.Debug|Any CPU.ActiveCfg = Debug|Any CPU
		{A2D2EB88-796F-4523-AA02-07BA16A8C665}.Debug|Any CPU.Build.0 = Debug|Any CPU
		{A2D2EB88-796F-4523-AA02-07BA16A8C665}.Release|Any CPU.ActiveCfg = Release|Any CPU
		{A2D2EB88-796F-4523-AA02-07BA16A8C665}.Release|Any CPU.Build.0 = Release|Any CPU
	EndGlobalSection
	GlobalSection(SolutionProperties) = preSolution
		HideSolutionNode = FALSE
	EndGlobalSection
	GlobalSection(ExtensibilityGlobals) = postSolution
		SolutionGuid = {B8EA2FC1-863D-45E0-8CCB-1390653DA88D}
	EndGlobalSection
EndGlobal
